// !$*UTF8*$!
{
	archiveVersion = 1;
	classes = {
	};
	objectVersion = 60;
	objects = {

/* Begin PBXBuildFile section */
		F8359F492BCCFBA80047B0DD /* OpenRUM in Frameworks */ = {isa = PBXBuildFile; productRef = F8359F482BCCFBA80047B0DD /* OpenRUM */; };
		F856A1EC2BD6985F004E7E34 /* AlibabaCloudRUM in Frameworks */ = {isa = PBXBuildFile; productRef = F856A1EB2BD6985F004E7E34 /* AlibabaCloudRUM */; };
		F856A1EE2BD6985F004E7E34 /* OpenRUM in Frameworks */ = {isa = PBXBuildFile; productRef = F856A1ED2BD6985F004E7E34 /* OpenRUM */; };
		F8C2F4772BC9260400921B34 /* SwiftPMSampleApp.swift in Sources */ = {isa = PBXBuildFile; fileRef = F8C2F4762BC9260400921B34 /* SwiftPMSampleApp.swift */; };
		F8C2F4792BC9260400921B34 /* ContentView.swift in Sources */ = {isa = PBXBuildFile; fileRef = F8C2F4782BC9260400921B34 /* ContentView.swift */; };
		F8C2F47B2BC9260500921B34 /* Assets.xcassets in Resources */ = {isa = PBXBuildFile; fileRef = F8C2F47A2BC9260500921B34 /* Assets.xcassets */; };
		F8C2F47E2BC9260500921B34 /* Preview Assets.xcassets in Resources */ = {isa = PBXBuildFile; fileRef = F8C2F47D2BC9260500921B34 /* Preview Assets.xcassets */; };
/* End PBXBuildFile section */

/* Begin PBXFileReference section */
		F8C2F4732BC9260400921B34 /* SwiftPMSample.app */ = {isa = PBXFileReference; explicitFileType = wrapper.application; includeInIndex = 0; path = SwiftPMSample.app; sourceTree = BUILT_PRODUCTS_DIR; };
		F8C2F4762BC9260400921B34 /* SwiftPMSampleApp.swift */ = {isa = PBXFileReference; lastKnownFileType = sourcecode.swift; path = SwiftPMSampleApp.swift; sourceTree = "<group>"; };
		F8C2F4782BC9260400921B34 /* ContentView.swift */ = {isa = PBXFileReference; lastKnownFileType = sourcecode.swift; path = ContentView.swift; sourceTree = "<group>"; };
		F8C2F47A2BC9260500921B34 /* Assets.xcassets */ = {isa = PBXFileReference; lastKnownFileType = folder.assetcatalog; path = Assets.xcassets; sourceTree = "<group>"; };
		F8C2F47D2BC9260500921B34 /* Preview Assets.xcassets */ = {isa = PBXFileReference; lastKnownFileType = folder.assetcatalog; path = "Preview Assets.xcassets"; sourceTree = "<group>"; };
/* End PBXFileReference section */

/* Begin PBXFrameworksBuildPhase section */
		F8C2F4702BC9260400921B34 /* Frameworks */ = {
			isa = PBXFrameworksBuildPhase;
			buildActionMask = 2147483647;
			files = (
				F856A1EE2BD6985F004E7E34 /* OpenRUM in Frameworks */,
				F856A1EC2BD6985F004E7E34 /* AlibabaCloudRUM in Frameworks */,
				F8359F492BCCFBA80047B0DD /* OpenRUM in Frameworks */,
			);
			runOnlyForDeploymentPostprocessing = 0;
		};
/* End PBXFrameworksBuildPhase section */

/* Begin PBXGroup section */
		8457A6A4C4A8AF0CCB1D691B /* Pods */ = {
			isa = PBXGroup;
			children = (
			);
			name = Pods;
			path = ../../Pods;
			sourceTree = "<group>";
		};
		955FD33E92441C37D7EA6A80 /* Frameworks */ = {
			isa = PBXGroup;
			children = (
			);
			name = Frameworks;
			sourceTree = "<group>";
		};
		F8C2F46A2BC9260400921B34 = {
			isa = PBXGroup;
			children = (
				F8C2F4752BC9260400921B34 /* SwiftPMSample */,
				F8C2F4742BC9260400921B34 /* Products */,
				8457A6A4C4A8AF0CCB1D691B /* Pods */,
				955FD33E92441C37D7EA6A80 /* Frameworks */,
			);
			sourceTree = "<group>";
		};
		F8C2F4742BC9260400921B34 /* Products */ = {
			isa = PBXGroup;
			children = (
				F8C2F4732BC9260400921B34 /* SwiftPMSample.app */,
			);
			name = Products;
			sourceTree = "<group>";
		};
		F8C2F4752BC9260400921B34 /* SwiftPMSample */ = {
			isa = PBXGroup;
			children = (
				F8C2F4762BC9260400921B34 /* SwiftPMSampleApp.swift */,
				F8C2F4782BC9260400921B34 /* ContentView.swift */,
				F8C2F47A2BC9260500921B34 /* Assets.xcassets */,
				F8C2F47C2BC9260500921B34 /* Preview Content */,
			);
			path = SwiftPMSample;
			sourceTree = "<group>";
		};
		F8C2F47C2BC9260500921B34 /* Preview Content */ = {
			isa = PBXGroup;
			children = (
				F8C2F47D2BC9260500921B34 /* Preview Assets.xcassets */,
			);
			path = "Preview Content";
			sourceTree = "<group>";
		};
/* End PBXGroup section */

/* Begin PBXNativeTarget section */
		F8C2F4722BC9260400921B34 /* SwiftPMSample */ = {
			isa = PBXNativeTarget;
			buildConfigurationList = F8C2F4812BC9260500921B34 /* Build configuration list for PBXNativeTarget "SwiftPMSample" */;
			buildPhases = (
				F8C2F46F2BC9260400921B34 /* Sources */,
				F8C2F4702BC9260400921B34 /* Frameworks */,
				F8C2F4712BC9260400921B34 /* Resources */,
			);
			buildRules = (
			);
			dependencies = (
			);
			name = SwiftPMSample;
			packageProductDependencies = (
				F8359F482BCCFBA80047B0DD /* OpenRUM */,
				F856A1EB2BD6985F004E7E34 /* AlibabaCloudRUM */,
				F856A1ED2BD6985F004E7E34 /* OpenRUM */,
			);
			productName = SwiftPMSample;
			productReference = F8C2F4732BC9260400921B34 /* SwiftPMSample.app */;
			productType = "com.apple.product-type.application";
		};
/* End PBXNativeTarget section */

/* Begin PBXProject section */
		F8C2F46B2BC9260400921B34 /* Project object */ = {
			isa = PBXProject;
			attributes = {
				BuildIndependentTargetsInParallel = 1;
				LastSwiftUpdateCheck = 1520;
				LastUpgradeCheck = 1520;
				TargetAttributes = {
					F8C2F4722BC9260400921B34 = {
						CreatedOnToolsVersion = 15.2;
					};
				};
			};
			buildConfigurationList = F8C2F46E2BC9260400921B34 /* Build configuration list for PBXProject "SwiftPMSample" */;
			compatibilityVersion = "Xcode 14.0";
			developmentRegion = en;
			hasScannedForEncodings = 0;
			knownRegions = (
				en,
				Base,
			);
			mainGroup = F8C2F46A2BC9260400921B34;
			packageReferences = (
				F856A1EA2BD6985F004E7E34 /* XCLocalSwiftPackageReference "../.." */,
			);
			productRefGroup = F8C2F4742BC9260400921B34 /* Products */;
			projectDirPath = "";
			projectRoot = "";
			targets = (
				F8C2F4722BC9260400921B34 /* SwiftPMSample */,
			);
		};
/* End PBXProject section */

/* Begin PBXResourcesBuildPhase section */
		F8C2F4712BC9260400921B34 /* Resources */ = {
			isa = PBXResourcesBuildPhase;
			buildActionMask = 2147483647;
			files = (
				F8C2F47E2BC9260500921B34 /* Preview Assets.xcassets in Resources */,
				F8C2F47B2BC9260500921B34 /* Assets.xcassets in Resources */,
			);
			runOnlyForDeploymentPostprocessing = 0;
		};
/* End PBXResourcesBuildPhase section */

/* Begin PBXSourcesBuildPhase section */
		F8C2F46F2BC9260400921B34 /* Sources */ = {
			isa = PBXSourcesBuildPhase;
			buildActionMask = 2147483647;
			files = (
				F8C2F4792BC9260400921B34 /* ContentView.swift in Sources */,
				F8C2F4772BC9260400921B34 /* SwiftPMSampleApp.swift in Sources */,
			);
			runOnlyForDeploymentPostprocessing = 0;
		};
/* End PBXSourcesBuildPhase section */

/* Begin XCBuildConfiguration section */
		F8C2F47F2BC9260500921B34 /* Debug */ = {
			isa = XCBuildConfiguration;
			buildSettings = {
				ALWAYS_SEARCH_USER_PATHS = NO;
				ASSETCATALOG_COMPILER_GENERATE_SWIFT_ASSET_SYMBOL_EXTENSIONS = YES;
				CLANG_ANALYZER_NONNULL = YES;
				CLANG_ANALYZER_NUMBER_OBJECT_CONVERSION = YES_AGGRESSIVE;
				CLANG_CXX_LANGUAGE_STANDARD = "gnu++20";
				CLANG_ENABLE_MODULES = YES;
				CLANG_ENABLE_OBJC_ARC = YES;
				CLANG_ENABLE_OBJC_WEAK = YES;
				CLANG_WARN_BLOCK_CAPTURE_AUTORELEASING = YES;
				CLANG_WARN_BOOL_CONVERSION = YES;
				CLANG_WARN_COMMA = YES;
				CLANG_WARN_CONSTANT_CONVERSION = YES;
				CLANG_WARN_DEPRECATED_OBJC_IMPLEMENTATIONS = YES;
				CLANG_WARN_DIRECT_OBJC_ISA_USAGE = YES_ERROR;
				CLANG_WARN_DOCUMENTATION_COMMENTS = YES;
				CLANG_WARN_EMPTY_BODY = YES;
				CLANG_WARN_ENUM_CONVERSION = YES;
				CLANG_WARN_INFINITE_RECURSION = YES;
				CLANG_WARN_INT_CONVERSION = YES;
				CLANG_WARN_NON_LITERAL_NULL_CONVERSION = YES;
				CLANG_WARN_OBJC_IMPLICIT_RETAIN_SELF = YES;
				CLANG_WARN_OBJC_LITERAL_CONVERSION = YES;
				CLANG_WARN_OBJC_ROOT_CLASS = YES_ERROR;
				CLANG_WARN_QUOTED_INCLUDE_IN_FRAMEWORK_HEADER = YES;
				CLANG_WARN_RANGE_LOOP_ANALYSIS = YES;
				CLANG_WARN_STRICT_PROTOTYPES = YES;
				CLANG_WARN_SUSPICIOUS_MOVE = YES;
				CLANG_WARN_UNGUARDED_AVAILABILITY = YES_AGGRESSIVE;
				CLANG_WARN_UNREACHABLE_CODE = YES;
				CLANG_WARN__DUPLICATE_METHOD_MATCH = YES;
				COPY_PHASE_STRIP = NO;
				DEBUG_INFORMATION_FORMAT = dwarf;
				ENABLE_STRICT_OBJC_MSGSEND = YES;
				ENABLE_TESTABILITY = YES;
				ENABLE_USER_SCRIPT_SANDBOXING = YES;
				GCC_C_LANGUAGE_STANDARD = gnu17;
				GCC_DYNAMIC_NO_PIC = NO;
				GCC_NO_COMMON_BLOCKS = YES;
				GCC_OPTIMIZATION_LEVEL = 0;
				GCC_PREPROCESSOR_DEFINITIONS = (
					"DEBUG=1",
					"$(inherited)",
				);
				GCC_WARN_64_TO_32_BIT_CONVERSION = YES;
				GCC_WARN_ABOUT_RETURN_TYPE = YES_ERROR;
				GCC_WARN_UNDECLARED_SELECTOR = YES;
				GCC_WARN_UNINITIALIZED_AUTOS = YES_AGGRESSIVE;
				GCC_WARN_UNUSED_FUNCTION = YES;
				GCC_WARN_UNUSED_VARIABLE = YES;
				IPHONEOS_DEPLOYMENT_TARGET = 17.2;
				LOCALIZATION_PREFERS_STRING_CATALOGS = YES;
				MTL_ENABLE_DEBUG_INFO = INCLUDE_SOURCE;
				MTL_FAST_MATH = YES;
				ONLY_ACTIVE_ARCH = YES;
				SDKROOT = iphoneos;
				SWIFT_ACTIVE_COMPILATION_CONDITIONS = "DEBUG $(inherited)";
				SWIFT_OPTIMIZATION_LEVEL = "-Onone";
			};
			name = Debug;
		};
		F8C2F4802BC9260500921B34 /* Release */ = {
			isa = XCBuildConfiguration;
			buildSettings = {
				ALWAYS_SEARCH_USER_PATHS = NO;
				ASSETCATALOG_COMPILER_GENERATE_SWIFT_ASSET_SYMBOL_EXTENSIONS = YES;
				CLANG_ANALYZER_NONNULL = YES;
				CLANG_ANALYZER_NUMBER_OBJECT_CONVERSION = YES_AGGRESSIVE;
				CLANG_CXX_LANGUAGE_STANDARD = "gnu++20";
				CLANG_ENABLE_MODULES = YES;
				CLANG_ENABLE_OBJC_ARC = YES;
				CLANG_ENABLE_OBJC_WEAK = YES;
				CLANG_WARN_BLOCK_CAPTURE_AUTORELEASING = YES;
				CLANG_WARN_BOOL_CONVERSION = YES;
				CLANG_WARN_COMMA = YES;
				CLANG_WARN_CONSTANT_CONVERSION = YES;
				CLANG_WARN_DEPRECATED_OBJC_IMPLEMENTATIONS = YES;
				CLANG_WARN_DIRECT_OBJC_ISA_USAGE = YES_ERROR;
				CLANG_WARN_DOCUMENTATION_COMMENTS = YES;
				CLANG_WARN_EMPTY_BODY = YES;
				CLANG_WARN_ENUM_CONVERSION = YES;
				CLANG_WARN_INFINITE_RECURSION = YES;
				CLANG_WARN_INT_CONVERSION = YES;
				CLANG_WARN_NON_LITERAL_NULL_CONVERSION = YES;
				CLANG_WARN_OBJC_IMPLICIT_RETAIN_SELF = YES;
				CLANG_WARN_OBJC_LITERAL_CONVERSION = YES;
				CLANG_WARN_OBJC_ROOT_CLASS = YES_ERROR;
				CLANG_WARN_QUOTED_INCLUDE_IN_FRAMEWORK_HEADER = YES;
				CLANG_WARN_RANGE_LOOP_ANALYSIS = YES;
				CLANG_WARN_STRICT_PROTOTYPES = YES;
				CLANG_WARN_SUSPICIOUS_MOVE = YES;
				CLANG_WARN_UNGUARDED_AVAILABILITY = YES_AGGRESSIVE;
				CLANG_WARN_UNREACHABLE_CODE = YES;
				CLANG_WARN__DUPLICATE_METHOD_MATCH = YES;
				COPY_PHASE_STRIP = NO;
				DEBUG_INFORMATION_FORMAT = "dwarf-with-dsym";
				ENABLE_NS_ASSERTIONS = NO;
				ENABLE_STRICT_OBJC_MSGSEND = YES;
				ENABLE_USER_SCRIPT_SANDBOXING = YES;
				GCC_C_LANGUAGE_STANDARD = gnu17;
				GCC_NO_COMMON_BLOCKS = YES;
				GCC_WARN_64_TO_32_BIT_CONVERSION = YES;
				GCC_WARN_ABOUT_RETURN_TYPE = YES_ERROR;
				GCC_WARN_UNDECLARED_SELECTOR = YES;
				GCC_WARN_UNINITIALIZED_AUTOS = YES_AGGRESSIVE;
				GCC_WARN_UNUSED_FUNCTION = YES;
				GCC_WARN_UNUSED_VARIABLE = YES;
				IPHONEOS_DEPLOYMENT_TARGET = 17.2;
				LOCALIZATION_PREFERS_STRING_CATALOGS = YES;
				MTL_ENABLE_DEBUG_INFO = NO;
				MTL_FAST_MATH = YES;
				SDKROOT = iphoneos;
				SWIFT_COMPILATION_MODE = wholemodule;
				VALIDATE_PRODUCT = YES;
			};
			name = Release;
		};
		F8C2F4822BC9260500921B34 /* Debug */ = {
			isa = XCBuildConfiguration;
			buildSettings = {
				ASSETCATALOG_COMPILER_APPICON_NAME = AppIcon;
				ASSETCATALOG_COMPILER_GLOBAL_ACCENT_COLOR_NAME = AccentColor;
				CODE_SIGN_STYLE = Automatic;
				CURRENT_PROJECT_VERSION = 1;
				DEVELOPMENT_ASSET_PATHS = "\"SwiftPMSample/Preview Content\"";
				DEVELOPMENT_TEAM = QBMN2BBW3K;
				ENABLE_PREVIEWS = YES;
				GENERATE_INFOPLIST_FILE = YES;
				INFOPLIST_KEY_UIApplicationSceneManifest_Generation = YES;
				INFOPLIST_KEY_UIApplicationSupportsIndirectInputEvents = YES;
				INFOPLIST_KEY_UILaunchScreen_Generation = YES;
				INFOPLIST_KEY_UISupportedInterfaceOrientations_iPad = "UIInterfaceOrientationPortrait UIInterfaceOrientationPortraitUpsideDown UIInterfaceOrientationLandscapeLeft UIInterfaceOrientationLandscapeRight";
				INFOPLIST_KEY_UISupportedInterfaceOrientations_iPhone = "UIInterfaceOrientationPortrait UIInterfaceOrientationLandscapeLeft UIInterfaceOrientationLandscapeRight";
				LD_RUNPATH_SEARCH_PATHS = (
					"$(inherited)",
					"@executable_path/Frameworks",
				);
				MARKETING_VERSION = 1.0;
				OTHER_LDFLAGS = "-ObjC";
				PRODUCT_BUNDLE_IDENTIFIER = com.aliyun.rum.SwiftPMSample;
				PRODUCT_NAME = "$(TARGET_NAME)";
				SWIFT_EMIT_LOC_STRINGS = YES;
				SWIFT_VERSION = 5.0;
				TARGETED_DEVICE_FAMILY = "1,2";
			};
			name = Debug;
		};
		F8C2F4832BC9260500921B34 /* Release */ = {
			isa = XCBuildConfiguration;
			buildSettings = {
				ASSETCATALOG_COMPILER_APPICON_NAME = AppIcon;
				ASSETCATALOG_COMPILER_GLOBAL_ACCENT_COLOR_NAME = AccentColor;
				CODE_SIGN_STYLE = Automatic;
				CURRENT_PROJECT_VERSION = 1;
				DEVELOPMENT_ASSET_PATHS = "\"SwiftPMSample/Preview Content\"";
				DEVELOPMENT_TEAM = QBMN2BBW3K;
				ENABLE_PREVIEWS = YES;
				GENERATE_INFOPLIST_FILE = YES;
				INFOPLIST_KEY_UIApplicationSceneManifest_Generation = YES;
				INFOPLIST_KEY_UIApplicationSupportsIndirectInputEvents = YES;
				INFOPLIST_KEY_UILaunchScreen_Generation = YES;
				INFOPLIST_KEY_UISupportedInterfaceOrientations_iPad = "UIInterfaceOrientationPortrait UIInterfaceOrientationPortraitUpsideDown UIInterfaceOrientationLandscapeLeft UIInterfaceOrientationLandscapeRight";
				INFOPLIST_KEY_UISupportedInterfaceOrientations_iPhone = "UIInterfaceOrientationPortrait UIInterfaceOrientationLandscapeLeft UIInterfaceOrientationLandscapeRight";
				LD_RUNPATH_SEARCH_PATHS = (
					"$(inherited)",
					"@executable_path/Frameworks",
				);
				MARKETING_VERSION = 1.0;
				OTHER_LDFLAGS = "-ObjC";
				PRODUCT_BUNDLE_IDENTIFIER = com.aliyun.rum.SwiftPMSample;
				PRODUCT_NAME = "$(TARGET_NAME)";
				SWIFT_EMIT_LOC_STRINGS = YES;
				SWIFT_VERSION = 5.0;
				TARGETED_DEVICE_FAMILY = "1,2";
			};
			name = Release;
		};
/* End XCBuildConfiguration section */

/* Begin XCConfigurationList section */
		F8C2F46E2BC9260400921B34 /* Build configuration list for PBXProject "SwiftPMSample" */ = {
			isa = XCConfigurationList;
			buildConfigurations = (
				F8C2F47F2BC9260500921B34 /* Debug */,
				F8C2F4802BC9260500921B34 /* Release */,
			);
			defaultConfigurationIsVisible = 0;
			defaultConfigurationName = Release;
		};
		F8C2F4812BC9260500921B34 /* Build configuration list for PBXNativeTarget "SwiftPMSample" */ = {
			isa = XCConfigurationList;
			buildConfigurations = (
				F8C2F4822BC9260500921B34 /* Debug */,
				F8C2F4832BC9260500921B34 /* Release */,
			);
			defaultConfigurationIsVisible = 0;
			defaultConfigurationName = Release;
		};
/* End XCConfigurationList section */

/* Begin XCLocalSwiftPackageReference section */
		F856A1EA2BD6985F004E7E34 /* XCLocalSwiftPackageReference "../.." */ = {
			isa = XCLocalSwiftPackageReference;
			relativePath = ../..;
		};
/* End XCLocalSwiftPackageReference section */

/* Begin XCSwiftPackageProductDependency section */
		F8359F482BCCFBA80047B0DD /* OpenRUM */ = {
			isa = XCSwiftPackageProductDependency;
			productName = OpenRUM;
		};
		F856A1EB2BD6985F004E7E34 /* AlibabaCloudRUM */ = {
			isa = XCSwiftPackageProductDependency;
			productName = AlibabaCloudRUM;
		};
		F856A1ED2BD6985F004E7E34 /* OpenRUM */ = {
			isa = XCSwiftPackageProductDependency;
			productName = OpenRUM;
		};
/* End XCSwiftPackageProductDependency section */
	};
	rootObject = F8C2F46B2BC9260400921B34 /* Project object */;
}
